// !$*UTF8*$!
{
	archiveVersion = 1;
	classes = {
	};
	objectVersion = 46;
	objects = {

/* Begin PBXBuildFile section */
		7E0E067C15413F9B00650D6C /* CsvSchemaValidatorTest.m in Sources */ = {isa = PBXBuildFile; fileRef = 7E0E067B15413F9B00650D6C /* CsvSchemaValidatorTest.m */; };
		7E0E067D15413F9B00650D6C /* CsvSchemaValidatorTest.m in Sources */ = {isa = PBXBuildFile; fileRef = 7E0E067B15413F9B00650D6C /* CsvSchemaValidatorTest.m */; };
		7E195ABB153713440050C635 /* CsvToSqliteTests.m in Sources */ = {isa = PBXBuildFile; fileRef = 7E31DEDF153707280043B5BE /* CsvToSqliteTests.m */; };
		7E195ABD153713440050C635 /* SenTestingKit.framework in Frameworks */ = {isa = PBXBuildFile; fileRef = 7E31DED0153707280043B5BE /* SenTestingKit.framework */; };
		7E195ABF153713440050C635 /* Foundation.framework in Frameworks */ = {isa = PBXBuildFile; fileRef = 7E31DEC2153707280043B5BE /* Foundation.framework */; };
		7E195AC2153713440050C635 /* InfoPlist.strings in Resources */ = {isa = PBXBuildFile; fileRef = 7E31DEDB153707280043B5BE /* InfoPlist.strings */; };
		7E195ACB1537214F0050C635 /* SqliteTypes.h in Headers */ = {isa = PBXBuildFile; fileRef = 7E195AC91537214F0050C635 /* SqliteTypes.h */; };
		7E195ACC1537214F0050C635 /* SqliteTypes.m in Sources */ = {isa = PBXBuildFile; fileRef = 7E195ACA1537214F0050C635 /* SqliteTypes.m */; };
		7E195AD71537301E0050C635 /* CsvImportError.h in Headers */ = {isa = PBXBuildFile; fileRef = 7E195AD51537301E0050C635 /* CsvImportError.h */; };
		7E195AD81537301E0050C635 /* CsvImportError.m in Sources */ = {isa = PBXBuildFile; fileRef = 7E195AD61537301E0050C635 /* CsvImportError.m */; };
		7E195ADB153730C90050C635 /* CsvBadTableNameError.h in Headers */ = {isa = PBXBuildFile; fileRef = 7E195AD9153730C90050C635 /* CsvBadTableNameError.h */; };
		7E195ADC153730C90050C635 /* CsvBadTableNameError.m in Sources */ = {isa = PBXBuildFile; fileRef = 7E195ADA153730C90050C635 /* CsvBadTableNameError.m */; };
		7E2CB934153ED92900FEC16E /* MockDb.h in Headers */ = {isa = PBXBuildFile; fileRef = 7E2CB932153ED92900FEC16E /* MockDb.h */; };
		7E2CB935153ED92900FEC16E /* MockDb.m in Sources */ = {isa = PBXBuildFile; fileRef = 7E2CB933153ED92900FEC16E /* MockDb.m */; };
		7E2CB972153F00F000FEC16E /* libc++.dylib in Frameworks */ = {isa = PBXBuildFile; fileRef = 7EA3A23B153823BF0058C603 /* libc++.dylib */; };
		7E2CB973153F00FD00FEC16E /* libc++.dylib in Frameworks */ = {isa = PBXBuildFile; fileRef = 7EA3A23B153823BF0058C603 /* libc++.dylib */; };
		7E2CB974153F010B00FEC16E /* libc++.dylib in Frameworks */ = {isa = PBXBuildFile; fileRef = 7EA3A23B153823BF0058C603 /* libc++.dylib */; };
		7E31DEC3153707280043B5BE /* Foundation.framework in Frameworks */ = {isa = PBXBuildFile; fileRef = 7E31DEC2153707280043B5BE /* Foundation.framework */; };
		7E31DEC9153707280043B5BE /* CsvToSqlite.mm in Sources */ = {isa = PBXBuildFile; fileRef = 7E31DEC8153707280043B5BE /* CsvToSqlite.mm */; };
		7E31DED1153707280043B5BE /* SenTestingKit.framework in Frameworks */ = {isa = PBXBuildFile; fileRef = 7E31DED0153707280043B5BE /* SenTestingKit.framework */; };
		7E31DED4153707280043B5BE /* Foundation.framework in Frameworks */ = {isa = PBXBuildFile; fileRef = 7E31DEC2153707280043B5BE /* Foundation.framework */; };
		7E31DED7153707280043B5BE /* libCsvToSqlite.a in Frameworks */ = {isa = PBXBuildFile; fileRef = 7E31DEBF153707280043B5BE /* libCsvToSqlite.a */; };
		7E31DEDD153707280043B5BE /* InfoPlist.strings in Resources */ = {isa = PBXBuildFile; fileRef = 7E31DEDB153707280043B5BE /* InfoPlist.strings */; };
		7E31DEE0153707280043B5BE /* CsvToSqliteTests.m in Sources */ = {isa = PBXBuildFile; fileRef = 7E31DEDF153707280043B5BE /* CsvToSqliteTests.m */; };
		7E31DEEA15370BB00043B5BE /* CsvToSqlite-Framework.h in Headers */ = {isa = PBXBuildFile; fileRef = 7E31DEE915370BB00043B5BE /* CsvToSqlite-Framework.h */; };
		7E5EC4A315580CA200E946C9 /* OnlyHeader.csv in Resources */ = {isa = PBXBuildFile; fileRef = 7E5EC4A215580CA200E946C9 /* OnlyHeader.csv */; };
		7E5EC4A415580CA200E946C9 /* OnlyHeader.csv in Resources */ = {isa = PBXBuildFile; fileRef = 7E5EC4A215580CA200E946C9 /* OnlyHeader.csv */; };
		7E5EC4A61558118400E946C9 /* Damaged.csv in Resources */ = {isa = PBXBuildFile; fileRef = 7E5EC4A51558118400E946C9 /* Damaged.csv */; };
		7E5EC4A71558118400E946C9 /* Damaged.csv in Resources */ = {isa = PBXBuildFile; fileRef = 7E5EC4A51558118400E946C9 /* Damaged.csv */; };
		7E96C70915406A0700E90751 /* CsvFailedImportTest.mm in Sources */ = {isa = PBXBuildFile; fileRef = 7E96C70815406A0700E90751 /* CsvFailedImportTest.mm */; };
		7E96C70A15406A0700E90751 /* CsvFailedImportTest.mm in Sources */ = {isa = PBXBuildFile; fileRef = 7E96C70815406A0700E90751 /* CsvFailedImportTest.mm */; };
		7E9986F1153D4E9800811BA8 /* libObjcScopedGuard.a in Frameworks */ = {isa = PBXBuildFile; fileRef = 7E9986E8153D456C00811BA8 /* libObjcScopedGuard.a */; };
		7E9986F2153D4E9D00811BA8 /* libObjcScopedGuard.a in Frameworks */ = {isa = PBXBuildFile; fileRef = 7E9986E8153D456C00811BA8 /* libObjcScopedGuard.a */; };
		7E9986F4153D4EC200811BA8 /* libsqlite3.dylib in Frameworks */ = {isa = PBXBuildFile; fileRef = 7E9986F3153D4EC200811BA8 /* libsqlite3.dylib */; };
		7E9986F5153D4EC800811BA8 /* libsqlite3.dylib in Frameworks */ = {isa = PBXBuildFile; fileRef = 7E9986F3153D4EC200811BA8 /* libsqlite3.dylib */; };
		7E9986F6153D4EED00811BA8 /* libsqlite3.dylib in Frameworks */ = {isa = PBXBuildFile; fileRef = 7E9986F3153D4EC200811BA8 /* libsqlite3.dylib */; };
		7E998707153D523A00811BA8 /* libFMDB.a in Frameworks */ = {isa = PBXBuildFile; fileRef = 7E998704153D51C600811BA8 /* libFMDB.a */; };
		7E998708153D524000811BA8 /* libFMDB.a in Frameworks */ = {isa = PBXBuildFile; fileRef = 7E998704153D51C600811BA8 /* libFMDB.a */; };
		7E99870B153D52B500811BA8 /* CsvToSqlite+Database.h in Headers */ = {isa = PBXBuildFile; fileRef = 7E998709153D52B500811BA8 /* CsvToSqlite+Database.h */; };
		7E99870C153D52B500811BA8 /* CsvToSqlite+Database.mm in Sources */ = {isa = PBXBuildFile; fileRef = 7E99870A153D52B500811BA8 /* CsvToSqlite+Database.mm */; };
		7E99870E153D546700811BA8 /* DbWrapper.h in Headers */ = {isa = PBXBuildFile; fileRef = 7E99870D153D546700811BA8 /* DbWrapper.h */; };
		7E998711153D573700811BA8 /* FMDatabase+Wrapper.h in Headers */ = {isa = PBXBuildFile; fileRef = 7E99870F153D573700811BA8 /* FMDatabase+Wrapper.h */; };
		7E998712153D573700811BA8 /* FMDatabase+Wrapper.m in Sources */ = {isa = PBXBuildFile; fileRef = 7E998710153D573700811BA8 /* FMDatabase+Wrapper.m */; };
		7E99871A153D67D800811BA8 /* DbImportTest.mm in Sources */ = {isa = PBXBuildFile; fileRef = 7E998719153D67D800811BA8 /* DbImportTest.mm */; };
		7E99871B153D67D800811BA8 /* DbImportTest.mm in Sources */ = {isa = PBXBuildFile; fileRef = 7E998719153D67D800811BA8 /* DbImportTest.mm */; };
		7E99871E153D69D900811BA8 /* CsvToSqlite+Test.h in Headers */ = {isa = PBXBuildFile; fileRef = 7E99871C153D69D900811BA8 /* CsvToSqlite+Test.h */; };
		7E99871F153D69D900811BA8 /* CsvToSqlite+Test.mm in Sources */ = {isa = PBXBuildFile; fileRef = 7E99871D153D69D900811BA8 /* CsvToSqlite+Test.mm */; };
		7E99872F153D907400811BA8 /* Campaigns-small-win.csv in Resources */ = {isa = PBXBuildFile; fileRef = 7E99872E153D907400811BA8 /* Campaigns-small-win.csv */; };
		7E998730153D907400811BA8 /* Campaigns-small-win.csv in Resources */ = {isa = PBXBuildFile; fileRef = 7E99872E153D907400811BA8 /* Campaigns-small-win.csv */; };
		7E998742153D9AB300811BA8 /* CsvLineEndings.h in Headers */ = {isa = PBXBuildFile; fileRef = 7E998741153D9AB300811BA8 /* CsvLineEndings.h */; };
		7E998744153D9F0F00811BA8 /* 2.sqlite in Resources */ = {isa = PBXBuildFile; fileRef = 7E998743153D9F0F00811BA8 /* 2.sqlite */; };
		7E998745153D9F0F00811BA8 /* 2.sqlite in Resources */ = {isa = PBXBuildFile; fileRef = 7E998743153D9F0F00811BA8 /* 2.sqlite */; };
		7EA3A22E15380E560058C603 /* Campaigns.csv in Resources */ = {isa = PBXBuildFile; fileRef = 7EA3A22C15380E560058C603 /* Campaigns.csv */; };
		7EA3A22F15380E560058C603 /* Campaigns.csv in Resources */ = {isa = PBXBuildFile; fileRef = 7EA3A22C15380E560058C603 /* Campaigns.csv */; };
		7EA3A23015380E560058C603 /* campaigns.sqlite in Resources */ = {isa = PBXBuildFile; fileRef = 7EA3A22D15380E560058C603 /* campaigns.sqlite */; };
		7EA3A23115380E560058C603 /* campaigns.sqlite in Resources */ = {isa = PBXBuildFile; fileRef = 7EA3A22D15380E560058C603 /* campaigns.sqlite */; };
		7EA3A23415380EE40058C603 /* CsvColumnsParserTest.mm in Sources */ = {isa = PBXBuildFile; fileRef = 7EA3A23315380EE40058C603 /* CsvColumnsParserTest.mm */; };
		7EA3A23515380EE40058C603 /* CsvColumnsParserTest.mm in Sources */ = {isa = PBXBuildFile; fileRef = 7EA3A23315380EE40058C603 /* CsvColumnsParserTest.mm */; };
		7EA3A23815380F750058C603 /* CsvColumnsParser.h in Headers */ = {isa = PBXBuildFile; fileRef = 7EA3A23615380F750058C603 /* CsvColumnsParser.h */; };
		7EA3A23915380F750058C603 /* CsvColumnsParser.mm in Sources */ = {isa = PBXBuildFile; fileRef = 7EA3A23715380F750058C603 /* CsvColumnsParser.mm */; };
		7EA3A23A1538105E0058C603 /* libCsvToSqlite.a in Frameworks */ = {isa = PBXBuildFile; fileRef = 7E31DEBF153707280043B5BE /* libCsvToSqlite.a */; };
		7EA3A2421538265F0058C603 /* StreamUtils.h in Headers */ = {isa = PBXBuildFile; fileRef = 7EA3A2401538265F0058C603 /* StreamUtils.h */; };
		7EA3A2431538265F0058C603 /* StreamUtils.mm in Sources */ = {isa = PBXBuildFile; fileRef = 7EA3A2411538265F0058C603 /* StreamUtils.mm */; };
		7EA3A24D15383B050058C603 /* LineReader.h in Headers */ = {isa = PBXBuildFile; fileRef = 7EA3A24C15383B050058C603 /* LineReader.h */; };
		7EA3A25015383B610058C603 /* WindowsLineReader.h in Headers */ = {isa = PBXBuildFile; fileRef = 7EA3A24E15383B610058C603 /* WindowsLineReader.h */; };
		7EA3A25115383B610058C603 /* WindowsLineReader.mm in Sources */ = {isa = PBXBuildFile; fileRef = 7EA3A24F15383B610058C603 /* WindowsLineReader.mm */; };
		7EA3A25415383D440058C603 /* UnixLineReader.h in Headers */ = {isa = PBXBuildFile; fileRef = 7EA3A25215383D440058C603 /* UnixLineReader.h */; };
		7EA3A25515383D440058C603 /* UnixLineReader.mm in Sources */ = {isa = PBXBuildFile; fileRef = 7EA3A25315383D440058C603 /* UnixLineReader.mm */; };
		7EA3A257153841800058C603 /* UnixTest.csv in Resources */ = {isa = PBXBuildFile; fileRef = 7EA3A256153840DB0058C603 /* UnixTest.csv */; };
		7EA3A258153841800058C603 /* UnixTest.csv in Resources */ = {isa = PBXBuildFile; fileRef = 7EA3A256153840DB0058C603 /* UnixTest.csv */; };
		7EA3A25A153841F30058C603 /* Unix-NoHeader.csv in Resources */ = {isa = PBXBuildFile; fileRef = 7EA3A259153841F30058C603 /* Unix-NoHeader.csv */; };
		7EA3A25B153841F30058C603 /* Unix-NoHeader.csv in Resources */ = {isa = PBXBuildFile; fileRef = 7EA3A259153841F30058C603 /* Unix-NoHeader.csv */; };
		7EA3A25E15386BE50058C603 /* DBTableValidator.h in Headers */ = {isa = PBXBuildFile; fileRef = 7EA3A25C15386BE50058C603 /* DBTableValidator.h */; };
		7EA3A25F15386BE50058C603 /* DBTableValidator.m in Sources */ = {isa = PBXBuildFile; fileRef = 7EA3A25D15386BE50058C603 /* DBTableValidator.m */; };
		7EA3A262153877150058C603 /* CsvSchemaMismatchError.h in Headers */ = {isa = PBXBuildFile; fileRef = 7EA3A260153877150058C603 /* CsvSchemaMismatchError.h */; };
		7EA3A263153877150058C603 /* CsvSchemaMismatchError.m in Sources */ = {isa = PBXBuildFile; fileRef = 7EA3A261153877150058C603 /* CsvSchemaMismatchError.m */; };
		7EA3A2661538793F0058C603 /* CsvInitializationError.h in Headers */ = {isa = PBXBuildFile; fileRef = 7EA3A2641538793F0058C603 /* CsvInitializationError.h */; };
		7EA3A2671538793F0058C603 /* CsvInitializationError.m in Sources */ = {isa = PBXBuildFile; fileRef = 7EA3A2651538793F0058C603 /* CsvInitializationError.m */; };
		7ED61742155BBE6400DE6328 /* libESLocale.a in Frameworks */ = {isa = PBXBuildFile; fileRef = 7ED61720155BBDE000DE6328 /* libESLocale.a */; };
		7ED61743155BBE6800DE6328 /* libESLocale.a in Frameworks */ = {isa = PBXBuildFile; fileRef = 7ED61720155BBDE000DE6328 /* libESLocale.a */; };
		7EE54324153EACBC00565408 /* 4.sqlite in Resources */ = {isa = PBXBuildFile; fileRef = 7EE54323153EACBC00565408 /* 4.sqlite */; };
		7EE54325153EACBC00565408 /* 4.sqlite in Resources */ = {isa = PBXBuildFile; fileRef = 7EE54323153EACBC00565408 /* 4.sqlite */; };
/* End PBXBuildFile section */

/* Begin PBXContainerItemProxy section */
		7E195AB9153713440050C635 /* PBXContainerItemProxy */ = {
			isa = PBXContainerItemProxy;
			containerPortal = 7E31DEB6153707280043B5BE /* Project object */;
			proxyType = 1;
			remoteGlobalIDString = 7E31DEBE153707280043B5BE;
			remoteInfo = CsvToSqlite;
		};
		7E31DED5153707280043B5BE /* PBXContainerItemProxy */ = {
			isa = PBXContainerItemProxy;
			containerPortal = 7E31DEB6153707280043B5BE /* Project object */;
			proxyType = 1;
			remoteGlobalIDString = 7E31DEBE153707280043B5BE;
			remoteInfo = CsvToSqlite;
		};
		7E9986E7153D456C00811BA8 /* PBXContainerItemProxy */ = {
			isa = PBXContainerItemProxy;
			containerPortal = 7E9986DE153D456C00811BA8 /* ObjcScopedGuard.xcodeproj */;
			proxyType = 2;
			remoteGlobalIDString = 7E8B6C4815388BD500435EDA;
			remoteInfo = ObjcScopedGuard;
		};
		7E9986E9153D456C00811BA8 /* PBXContainerItemProxy */ = {
			isa = PBXContainerItemProxy;
			containerPortal = 7E9986DE153D456C00811BA8 /* ObjcScopedGuard.xcodeproj */;
			proxyType = 2;
			remoteGlobalIDString = 7E8B6C5815388BD500435EDA;
			remoteInfo = ObjcScopedGuardTests;
		};
		7E9986EB153D456C00811BA8 /* PBXContainerItemProxy */ = {
			isa = PBXContainerItemProxy;
			containerPortal = 7E9986DE153D456C00811BA8 /* ObjcScopedGuard.xcodeproj */;
			proxyType = 2;
			remoteGlobalIDString = 7E8B6C8715388E9400435EDA;
			remoteInfo = "ObjcScopedGuardTests-CI";
		};
		7E9986EE153D457D00811BA8 /* PBXContainerItemProxy */ = {
			isa = PBXContainerItemProxy;
			containerPortal = 7E9986DE153D456C00811BA8 /* ObjcScopedGuard.xcodeproj */;
			proxyType = 1;
			remoteGlobalIDString = 7E8B6C4715388BD500435EDA;
			remoteInfo = ObjcScopedGuard;
		};
		7E998701153D51C600811BA8 /* PBXContainerItemProxy */ = {
			isa = PBXContainerItemProxy;
			containerPortal = 7E9986F8153D51C500811BA8 /* fmdb.xcodeproj */;
			proxyType = 2;
			remoteGlobalIDString = 8DD76FA10486AA7600D96B5E;
			remoteInfo = fmdb;
		};
		7E998703153D51C600811BA8 /* PBXContainerItemProxy */ = {
			isa = PBXContainerItemProxy;
			containerPortal = 7E9986F8153D51C500811BA8 /* fmdb.xcodeproj */;
			proxyType = 2;
			remoteGlobalIDString = EE4290EF12B42F870088BD94;
			remoteInfo = FMDB;
		};
		7E998705153D521C00811BA8 /* PBXContainerItemProxy */ = {
			isa = PBXContainerItemProxy;
			containerPortal = 7E9986F8153D51C500811BA8 /* fmdb.xcodeproj */;
			proxyType = 1;
			remoteGlobalIDString = EE4290EE12B42F870088BD94;
			remoteInfo = FMDB;
		};
		7E998720153D6D3800811BA8 /* PBXContainerItemProxy */ = {
			isa = PBXContainerItemProxy;
			containerPortal = 7E9986F8153D51C500811BA8 /* fmdb.xcodeproj */;
			proxyType = 1;
			remoteGlobalIDString = EE4290EE12B42F870088BD94;
			remoteInfo = FMDB;
		};
		7E998722153D6D3F00811BA8 /* PBXContainerItemProxy */ = {
			isa = PBXContainerItemProxy;
			containerPortal = 7E9986DE153D456C00811BA8 /* ObjcScopedGuard.xcodeproj */;
			proxyType = 1;
			remoteGlobalIDString = 7E8B6C4715388BD500435EDA;
			remoteInfo = ObjcScopedGuard;
		};
		7E998724153D6D4400811BA8 /* PBXContainerItemProxy */ = {
			isa = PBXContainerItemProxy;
			containerPortal = 7E9986F8153D51C500811BA8 /* fmdb.xcodeproj */;
			proxyType = 1;
			remoteGlobalIDString = EE4290EE12B42F870088BD94;
			remoteInfo = FMDB;
		};
		7E998726153D6D4600811BA8 /* PBXContainerItemProxy */ = {
			isa = PBXContainerItemProxy;
			containerPortal = 7E9986DE153D456C00811BA8 /* ObjcScopedGuard.xcodeproj */;
			proxyType = 1;
			remoteGlobalIDString = 7E8B6C4715388BD500435EDA;
			remoteInfo = ObjcScopedGuard;
		};
		7ED6171F155BBDE000DE6328 /* PBXContainerItemProxy */ = {
			isa = PBXContainerItemProxy;
			containerPortal = 7ED61719155BBDE000DE6328 /* ESLocale.xcodeproj */;
			proxyType = 2;
			remoteGlobalIDString = 7ED3E57715400C1E008268CF;
			remoteInfo = ESLocale;
		};
		7ED61721155BBDE000DE6328 /* PBXContainerItemProxy */ = {
			isa = PBXContainerItemProxy;
			containerPortal = 7ED61719155BBDE000DE6328 /* ESLocale.xcodeproj */;
			proxyType = 2;
			remoteGlobalIDString = 7ED3E58715400C1E008268CF;
			remoteInfo = ESLocaleTests;
		};
		7ED61723155BBDE000DE6328 /* PBXContainerItemProxy */ = {
			isa = PBXContainerItemProxy;
			containerPortal = 7ED61719155BBDE000DE6328 /* ESLocale.xcodeproj */;
			proxyType = 2;
			remoteGlobalIDString = 7ED3E5B515400C8E008268CF;
			remoteInfo = "ESLocaleTests-CI";
		};
		7ED6173C155BBE5200DE6328 /* PBXContainerItemProxy */ = {
			isa = PBXContainerItemProxy;
			containerPortal = 7ED61719155BBDE000DE6328 /* ESLocale.xcodeproj */;
			proxyType = 1;
			remoteGlobalIDString = 7ED3E57615400C1E008268CF;
			remoteInfo = ESLocale;
		};
		7ED6173E155BBE5700DE6328 /* PBXContainerItemProxy */ = {
			isa = PBXContainerItemProxy;
			containerPortal = 7ED61719155BBDE000DE6328 /* ESLocale.xcodeproj */;
			proxyType = 1;
			remoteGlobalIDString = 7ED3E57615400C1E008268CF;
			remoteInfo = ESLocale;
		};
		7ED61740155BBE5D00DE6328 /* PBXContainerItemProxy */ = {
			isa = PBXContainerItemProxy;
			containerPortal = 7ED61719155BBDE000DE6328 /* ESLocale.xcodeproj */;
			proxyType = 1;
			remoteGlobalIDString = 7ED3E57615400C1E008268CF;
			remoteInfo = ESLocale;
		};
/* End PBXContainerItemProxy section */

/* Begin PBXFileReference section */
		7E0E067A15413F9B00650D6C /* CsvSchemaValidatorTest.h */ = {isa = PBXFileReference; fileEncoding = 4; lastKnownFileType = sourcecode.c.h; path = CsvSchemaValidatorTest.h; sourceTree = "<group>"; };
		7E0E067B15413F9B00650D6C /* CsvSchemaValidatorTest.m */ = {isa = PBXFileReference; fileEncoding = 4; lastKnownFileType = sourcecode.c.objc; path = CsvSchemaValidatorTest.m; sourceTree = "<group>"; };
		7E195AB51537117B0050C635 /* CsvMacros.h */ = {isa = PBXFileReference; lastKnownFileType = sourcecode.c.h; path = CsvMacros.h; sourceTree = "<group>"; };
		7E195AC7153713440050C635 /* CsvToSqliteTests copy.octest */ = {isa = PBXFileReference; explicitFileType = wrapper.cfbundle; includeInIndex = 0; path = "CsvToSqliteTests copy.octest"; sourceTree = BUILT_PRODUCTS_DIR; };
		7E195AC8153713440050C635 /* CsvToSqliteTests copy-Info.plist */ = {isa = PBXFileReference; lastKnownFileType = text.plist.xml; name = "CsvToSqliteTests copy-Info.plist"; path = "/Users/dodikk/projects/work/CsvToSqlite/CsvToSqliteTests copy-Info.plist"; sourceTree = "<absolute>"; };
		7E195AC91537214F0050C635 /* SqliteTypes.h */ = {isa = PBXFileReference; fileEncoding = 4; lastKnownFileType = sourcecode.c.h; path = SqliteTypes.h; sourceTree = "<group>"; };
		7E195ACA1537214F0050C635 /* SqliteTypes.m */ = {isa = PBXFileReference; fileEncoding = 4; lastKnownFileType = sourcecode.c.objc; path = SqliteTypes.m; sourceTree = "<group>"; };
		7E195AD51537301E0050C635 /* CsvImportError.h */ = {isa = PBXFileReference; fileEncoding = 4; lastKnownFileType = sourcecode.c.h; path = CsvImportError.h; sourceTree = "<group>"; };
		7E195AD61537301E0050C635 /* CsvImportError.m */ = {isa = PBXFileReference; fileEncoding = 4; lastKnownFileType = sourcecode.c.objc; path = CsvImportError.m; sourceTree = "<group>"; };
		7E195AD9153730C90050C635 /* CsvBadTableNameError.h */ = {isa = PBXFileReference; fileEncoding = 4; lastKnownFileType = sourcecode.c.h; path = CsvBadTableNameError.h; sourceTree = "<group>"; };
		7E195ADA153730C90050C635 /* CsvBadTableNameError.m */ = {isa = PBXFileReference; fileEncoding = 4; lastKnownFileType = sourcecode.c.objc; path = CsvBadTableNameError.m; sourceTree = "<group>"; };
		7E195AE0153733DA0050C635 /* libCoverageFopenFix.a */ = {isa = PBXFileReference; lastKnownFileType = archive.ar; path = libCoverageFopenFix.a; sourceTree = "<group>"; };
		7E2CB932153ED92900FEC16E /* MockDb.h */ = {isa = PBXFileReference; fileEncoding = 4; lastKnownFileType = sourcecode.c.h; path = MockDb.h; sourceTree = "<group>"; };
		7E2CB933153ED92900FEC16E /* MockDb.m */ = {isa = PBXFileReference; fileEncoding = 4; lastKnownFileType = sourcecode.c.objc; path = MockDb.m; sourceTree = "<group>"; };
		7E2CB96B153F004100FEC16E /* libstdc++.dylib */ = {isa = PBXFileReference; lastKnownFileType = "compiled.mach-o.dylib"; name = "libstdc++.dylib"; path = "usr/lib/libstdc++.dylib"; sourceTree = SDKROOT; };
		7E31DEBF153707280043B5BE /* libCsvToSqlite.a */ = {isa = PBXFileReference; explicitFileType = archive.ar; includeInIndex = 0; path = libCsvToSqlite.a; sourceTree = BUILT_PRODUCTS_DIR; };
		7E31DEC2153707280043B5BE /* Foundation.framework */ = {isa = PBXFileReference; lastKnownFileType = wrapper.framework; name = Foundation.framework; path = System/Library/Frameworks/Foundation.framework; sourceTree = SDKROOT; };
		7E31DEC6153707280043B5BE /* CsvToSqlite-Prefix.pch */ = {isa = PBXFileReference; lastKnownFileType = sourcecode.c.h; path = "CsvToSqlite-Prefix.pch"; sourceTree = "<group>"; };
		7E31DEC7153707280043B5BE /* CsvToSqlite.h */ = {isa = PBXFileReference; lastKnownFileType = sourcecode.c.h; path = CsvToSqlite.h; sourceTree = "<group>"; };
		7E31DEC8153707280043B5BE /* CsvToSqlite.mm */ = {isa = PBXFileReference; lastKnownFileType = sourcecode.cpp.objcpp; path = CsvToSqlite.mm; sourceTree = "<group>"; };
		7E31DECF153707280043B5BE /* CsvToSqliteTests.octest */ = {isa = PBXFileReference; explicitFileType = wrapper.cfbundle; includeInIndex = 0; path = CsvToSqliteTests.octest; sourceTree = BUILT_PRODUCTS_DIR; };
		7E31DED0153707280043B5BE /* SenTestingKit.framework */ = {isa = PBXFileReference; lastKnownFileType = wrapper.framework; name = SenTestingKit.framework; path = Library/Frameworks/SenTestingKit.framework; sourceTree = DEVELOPER_DIR; };
		7E31DEDA153707280043B5BE /* CsvToSqliteTests-Info.plist */ = {isa = PBXFileReference; lastKnownFileType = text.plist.xml; path = "CsvToSqliteTests-Info.plist"; sourceTree = "<group>"; };
		7E31DEDC153707280043B5BE /* en */ = {isa = PBXFileReference; lastKnownFileType = text.plist.strings; name = en; path = en.lproj/InfoPlist.strings; sourceTree = "<group>"; };
		7E31DEDE153707280043B5BE /* CsvToSqliteTests.h */ = {isa = PBXFileReference; lastKnownFileType = sourcecode.c.h; path = CsvToSqliteTests.h; sourceTree = "<group>"; };
		7E31DEDF153707280043B5BE /* CsvToSqliteTests.m */ = {isa = PBXFileReference; lastKnownFileType = sourcecode.c.objc; path = CsvToSqliteTests.m; sourceTree = "<group>"; };
		7E31DEE915370BB00043B5BE /* CsvToSqlite-Framework.h */ = {isa = PBXFileReference; fileEncoding = 4; lastKnownFileType = sourcecode.c.h; path = "CsvToSqlite-Framework.h"; sourceTree = "<group>"; };
		7E5EC4A215580CA200E946C9 /* OnlyHeader.csv */ = {isa = PBXFileReference; fileEncoding = 4; lastKnownFileType = text; path = OnlyHeader.csv; sourceTree = "<group>"; };
		7E5EC4A51558118400E946C9 /* Damaged.csv */ = {isa = PBXFileReference; fileEncoding = 4; lastKnownFileType = text; path = Damaged.csv; sourceTree = "<group>"; };
		7E96C70715406A0700E90751 /* CsvFailedImportTest.h */ = {isa = PBXFileReference; fileEncoding = 4; lastKnownFileType = sourcecode.c.h; path = CsvFailedImportTest.h; sourceTree = "<group>"; };
		7E96C70815406A0700E90751 /* CsvFailedImportTest.mm */ = {isa = PBXFileReference; fileEncoding = 4; lastKnownFileType = sourcecode.cpp.objcpp; path = CsvFailedImportTest.mm; sourceTree = "<group>"; };
		7E9986DE153D456C00811BA8 /* ObjcScopedGuard.xcodeproj */ = {isa = PBXFileReference; lastKnownFileType = "wrapper.pb-project"; name = ObjcScopedGuard.xcodeproj; path = ../ObjcScopedGuard/ObjcScopedGuard/ObjcScopedGuard.xcodeproj; sourceTree = "<group>"; };
		7E9986F3153D4EC200811BA8 /* libsqlite3.dylib */ = {isa = PBXFileReference; lastKnownFileType = "compiled.mach-o.dylib"; name = libsqlite3.dylib; path = usr/lib/libsqlite3.dylib; sourceTree = SDKROOT; };
		7E9986F8153D51C500811BA8 /* fmdb.xcodeproj */ = {isa = PBXFileReference; lastKnownFileType = "wrapper.pb-project"; name = fmdb.xcodeproj; path = ../fmdb/fmdb.xcodeproj; sourceTree = "<group>"; };
		7E998709153D52B500811BA8 /* CsvToSqlite+Database.h */ = {isa = PBXFileReference; fileEncoding = 4; lastKnownFileType = sourcecode.c.h; path = "CsvToSqlite+Database.h"; sourceTree = "<group>"; };
		7E99870A153D52B500811BA8 /* CsvToSqlite+Database.mm */ = {isa = PBXFileReference; fileEncoding = 4; lastKnownFileType = sourcecode.cpp.objcpp; path = "CsvToSqlite+Database.mm"; sourceTree = "<group>"; };
		7E99870D153D546700811BA8 /* DbWrapper.h */ = {isa = PBXFileReference; fileEncoding = 4; lastKnownFileType = sourcecode.c.h; path = DbWrapper.h; sourceTree = "<group>"; };
		7E99870F153D573700811BA8 /* FMDatabase+Wrapper.h */ = {isa = PBXFileReference; fileEncoding = 4; lastKnownFileType = sourcecode.c.h; path = "FMDatabase+Wrapper.h"; sourceTree = "<group>"; };
		7E998710153D573700811BA8 /* FMDatabase+Wrapper.m */ = {isa = PBXFileReference; fileEncoding = 4; lastKnownFileType = sourcecode.c.objc; path = "FMDatabase+Wrapper.m"; sourceTree = "<group>"; };
		7E998718153D67D800811BA8 /* DbImportTest.h */ = {isa = PBXFileReference; fileEncoding = 4; lastKnownFileType = sourcecode.c.h; path = DbImportTest.h; sourceTree = "<group>"; };
		7E998719153D67D800811BA8 /* DbImportTest.mm */ = {isa = PBXFileReference; fileEncoding = 4; lastKnownFileType = sourcecode.cpp.objcpp; path = DbImportTest.mm; sourceTree = "<group>"; };
		7E99871C153D69D900811BA8 /* CsvToSqlite+Test.h */ = {isa = PBXFileReference; fileEncoding = 4; lastKnownFileType = sourcecode.c.h; path = "CsvToSqlite+Test.h"; sourceTree = "<group>"; };
		7E99871D153D69D900811BA8 /* CsvToSqlite+Test.mm */ = {isa = PBXFileReference; fileEncoding = 4; lastKnownFileType = sourcecode.cpp.objcpp; path = "CsvToSqlite+Test.mm"; sourceTree = "<group>"; };
		7E99872E153D907400811BA8 /* Campaigns-small-win.csv */ = {isa = PBXFileReference; fileEncoding = 4; lastKnownFileType = text; path = "Campaigns-small-win.csv"; sourceTree = "<group>"; };
		7E998741153D9AB300811BA8 /* CsvLineEndings.h */ = {isa = PBXFileReference; fileEncoding = 4; lastKnownFileType = sourcecode.c.h; path = CsvLineEndings.h; sourceTree = "<group>"; };
		7E998743153D9F0F00811BA8 /* 2.sqlite */ = {isa = PBXFileReference; lastKnownFileType = file; path = 2.sqlite; sourceTree = "<group>"; };
		7EA3A22C15380E560058C603 /* Campaigns.csv */ = {isa = PBXFileReference; fileEncoding = 4; lastKnownFileType = text; path = Campaigns.csv; sourceTree = "<group>"; };
		7EA3A22D15380E560058C603 /* campaigns.sqlite */ = {isa = PBXFileReference; lastKnownFileType = file; path = campaigns.sqlite; sourceTree = "<group>"; };
		7EA3A23215380EE40058C603 /* CsvColumnsParserTest.h */ = {isa = PBXFileReference; fileEncoding = 4; lastKnownFileType = sourcecode.c.h; path = CsvColumnsParserTest.h; sourceTree = "<group>"; };
		7EA3A23315380EE40058C603 /* CsvColumnsParserTest.mm */ = {isa = PBXFileReference; fileEncoding = 4; lastKnownFileType = sourcecode.cpp.objcpp; path = CsvColumnsParserTest.mm; sourceTree = "<group>"; };
		7EA3A23615380F750058C603 /* CsvColumnsParser.h */ = {isa = PBXFileReference; fileEncoding = 4; lastKnownFileType = sourcecode.c.h; path = CsvColumnsParser.h; sourceTree = "<group>"; };
		7EA3A23715380F750058C603 /* CsvColumnsParser.mm */ = {isa = PBXFileReference; fileEncoding = 4; lastKnownFileType = sourcecode.cpp.objcpp; path = CsvColumnsParser.mm; sourceTree = "<group>"; };
		7EA3A23B153823BF0058C603 /* libc++.dylib */ = {isa = PBXFileReference; lastKnownFileType = "compiled.mach-o.dylib"; name = "libc++.dylib"; path = "usr/lib/libc++.dylib"; sourceTree = SDKROOT; };
		7EA3A2401538265F0058C603 /* StreamUtils.h */ = {isa = PBXFileReference; fileEncoding = 4; lastKnownFileType = sourcecode.c.h; path = StreamUtils.h; sourceTree = "<group>"; };
		7EA3A2411538265F0058C603 /* StreamUtils.mm */ = {isa = PBXFileReference; fileEncoding = 4; lastKnownFileType = sourcecode.cpp.objcpp; path = StreamUtils.mm; sourceTree = "<group>"; };
		7EA3A24C15383B050058C603 /* LineReader.h */ = {isa = PBXFileReference; fileEncoding = 4; lastKnownFileType = sourcecode.c.h; path = LineReader.h; sourceTree = "<group>"; };
		7EA3A24E15383B610058C603 /* WindowsLineReader.h */ = {isa = PBXFileReference; fileEncoding = 4; lastKnownFileType = sourcecode.c.h; path = WindowsLineReader.h; sourceTree = "<group>"; };
		7EA3A24F15383B610058C603 /* WindowsLineReader.mm */ = {isa = PBXFileReference; fileEncoding = 4; lastKnownFileType = sourcecode.cpp.objcpp; path = WindowsLineReader.mm; sourceTree = "<group>"; };
		7EA3A25215383D440058C603 /* UnixLineReader.h */ = {isa = PBXFileReference; fileEncoding = 4; lastKnownFileType = sourcecode.c.h; path = UnixLineReader.h; sourceTree = "<group>"; };
		7EA3A25315383D440058C603 /* UnixLineReader.mm */ = {isa = PBXFileReference; fileEncoding = 4; lastKnownFileType = sourcecode.cpp.objcpp; path = UnixLineReader.mm; sourceTree = "<group>"; };
		7EA3A256153840DB0058C603 /* UnixTest.csv */ = {isa = PBXFileReference; fileEncoding = 4; lastKnownFileType = text; path = UnixTest.csv; sourceTree = "<group>"; };
		7EA3A259153841F30058C603 /* Unix-NoHeader.csv */ = {isa = PBXFileReference; fileEncoding = 4; lastKnownFileType = text; path = "Unix-NoHeader.csv"; sourceTree = "<group>"; };
		7EA3A25C15386BE50058C603 /* DBTableValidator.h */ = {isa = PBXFileReference; fileEncoding = 4; lastKnownFileType = sourcecode.c.h; path = DBTableValidator.h; sourceTree = "<group>"; };
		7EA3A25D15386BE50058C603 /* DBTableValidator.m */ = {isa = PBXFileReference; fileEncoding = 4; lastKnownFileType = sourcecode.c.objc; path = DBTableValidator.m; sourceTree = "<group>"; };
		7EA3A260153877150058C603 /* CsvSchemaMismatchError.h */ = {isa = PBXFileReference; fileEncoding = 4; lastKnownFileType = sourcecode.c.h; path = CsvSchemaMismatchError.h; sourceTree = "<group>"; };
		7EA3A261153877150058C603 /* CsvSchemaMismatchError.m */ = {isa = PBXFileReference; fileEncoding = 4; lastKnownFileType = sourcecode.c.objc; path = CsvSchemaMismatchError.m; sourceTree = "<group>"; };
		7EA3A2641538793F0058C603 /* CsvInitializationError.h */ = {isa = PBXFileReference; fileEncoding = 4; lastKnownFileType = sourcecode.c.h; path = CsvInitializationError.h; sourceTree = "<group>"; };
		7EA3A2651538793F0058C603 /* CsvInitializationError.m */ = {isa = PBXFileReference; fileEncoding = 4; lastKnownFileType = sourcecode.c.objc; path = CsvInitializationError.m; sourceTree = "<group>"; };
		7ED61719155BBDE000DE6328 /* ESLocale.xcodeproj */ = {isa = PBXFileReference; lastKnownFileType = "wrapper.pb-project"; name = ESLocale.xcodeproj; path = ../ESLocale/ESLocale.xcodeproj; sourceTree = "<group>"; };
		7EE54323153EACBC00565408 /* 4.sqlite */ = {isa = PBXFileReference; lastKnownFileType = file; path = 4.sqlite; sourceTree = "<group>"; };
/* End PBXFileReference section */

/* Begin PBXFrameworksBuildPhase section */
		7E195ABC153713440050C635 /* Frameworks */ = {
			isa = PBXFrameworksBuildPhase;
			buildActionMask = 2147483647;
			files = (
				7ED61742155BBE6400DE6328 /* libESLocale.a in Frameworks */,
				7E998708153D524000811BA8 /* libFMDB.a in Frameworks */,
				7EA3A23A1538105E0058C603 /* libCsvToSqlite.a in Frameworks */,
				7E9986F2153D4E9D00811BA8 /* libObjcScopedGuard.a in Frameworks */,
				7E9986F4153D4EC200811BA8 /* libsqlite3.dylib in Frameworks */,
				7E2CB972153F00F000FEC16E /* libc++.dylib in Frameworks */,
				7E195ABD153713440050C635 /* SenTestingKit.framework in Frameworks */,
				7E195ABF153713440050C635 /* Foundation.framework in Frameworks */,
			);
			runOnlyForDeploymentPostprocessing = 0;
		};
		7E31DEBC153707280043B5BE /* Frameworks */ = {
			isa = PBXFrameworksBuildPhase;
			buildActionMask = 2147483647;
			files = (
				7E2CB974153F010B00FEC16E /* libc++.dylib in Frameworks */,
				7E9986F6153D4EED00811BA8 /* libsqlite3.dylib in Frameworks */,
				7E31DEC3153707280043B5BE /* Foundation.framework in Frameworks */,
			);
			runOnlyForDeploymentPostprocessing = 0;
		};
		7E31DECB153707280043B5BE /* Frameworks */ = {
			isa = PBXFrameworksBuildPhase;
			buildActionMask = 2147483647;
			files = (
				7ED61743155BBE6800DE6328 /* libESLocale.a in Frameworks */,
				7E998707153D523A00811BA8 /* libFMDB.a in Frameworks */,
				7E31DED7153707280043B5BE /* libCsvToSqlite.a in Frameworks */,
				7E9986F1153D4E9800811BA8 /* libObjcScopedGuard.a in Frameworks */,
				7E2CB973153F00FD00FEC16E /* libc++.dylib in Frameworks */,
				7E9986F5153D4EC800811BA8 /* libsqlite3.dylib in Frameworks */,
				7E31DED1153707280043B5BE /* SenTestingKit.framework in Frameworks */,
				7E31DED4153707280043B5BE /* Foundation.framework in Frameworks */,
			);
			runOnlyForDeploymentPostprocessing = 0;
		};
/* End PBXFrameworksBuildPhase section */

/* Begin PBXGroup section */
		7E195ACD15372E6D0050C635 /* TestData */ = {
			isa = PBXGroup;
			children = (
				7E998743153D9F0F00811BA8 /* 2.sqlite */,
				7EE54323153EACBC00565408 /* 4.sqlite */,
				7EA3A22C15380E560058C603 /* Campaigns.csv */,
				7E5EC4A51558118400E946C9 /* Damaged.csv */,
				7E99872E153D907400811BA8 /* Campaigns-small-win.csv */,
				7EA3A22D15380E560058C603 /* campaigns.sqlite */,
				7EA3A256153840DB0058C603 /* UnixTest.csv */,
				7EA3A259153841F30058C603 /* Unix-NoHeader.csv */,
				7E5EC4A215580CA200E946C9 /* OnlyHeader.csv */,
			);
			path = TestData;
			sourceTree = "<group>";
		};
		7E195AD415372FEC0050C635 /* Errors */ = {
			isa = PBXGroup;
			children = (
				7E195AD51537301E0050C635 /* CsvImportError.h */,
				7E195AD61537301E0050C635 /* CsvImportError.m */,
				7E195AD9153730C90050C635 /* CsvBadTableNameError.h */,
				7E195ADA153730C90050C635 /* CsvBadTableNameError.m */,
				7EA3A260153877150058C603 /* CsvSchemaMismatchError.h */,
				7EA3A261153877150058C603 /* CsvSchemaMismatchError.m */,
				7EA3A2641538793F0058C603 /* CsvInitializationError.h */,
				7EA3A2651538793F0058C603 /* CsvInitializationError.m */,
			);
			path = Errors;
			sourceTree = "<group>";
		};
		7E2CB931153ED92900FEC16E /* Mocks */ = {
			isa = PBXGroup;
			children = (
				7E2CB932153ED92900FEC16E /* MockDb.h */,
				7E2CB933153ED92900FEC16E /* MockDb.m */,
			);
			path = Mocks;
			sourceTree = "<group>";
		};
		7E31DEB4153707280043B5BE = {
			isa = PBXGroup;
			children = (
				7E2CB96B153F004100FEC16E /* libstdc++.dylib */,
				7E195ACD15372E6D0050C635 /* TestData */,
				7E31DEC4153707280043B5BE /* CsvToSqlite */,
				7E31DED8153707280043B5BE /* CsvToSqliteTests */,
				7E31DEC1153707280043B5BE /* Frameworks */,
				7E31DEC0153707280043B5BE /* Products */,
				7E195AC8153713440050C635 /* CsvToSqliteTests copy-Info.plist */,
				7E195AE0153733DA0050C635 /* libCoverageFopenFix.a */,
			);
			sourceTree = "<group>";
		};
		7E31DEC0153707280043B5BE /* Products */ = {
			isa = PBXGroup;
			children = (
				7E31DEBF153707280043B5BE /* libCsvToSqlite.a */,
				7E31DECF153707280043B5BE /* CsvToSqliteTests.octest */,
				7E195AC7153713440050C635 /* CsvToSqliteTests copy.octest */,
			);
			name = Products;
			sourceTree = "<group>";
		};
		7E31DEC1153707280043B5BE /* Frameworks */ = {
			isa = PBXGroup;
			children = (
				7ED61719155BBDE000DE6328 /* ESLocale.xcodeproj */,
				7E9986F8153D51C500811BA8 /* fmdb.xcodeproj */,
				7E9986DE153D456C00811BA8 /* ObjcScopedGuard.xcodeproj */,
				7E9986F3153D4EC200811BA8 /* libsqlite3.dylib */,
				7EA3A23B153823BF0058C603 /* libc++.dylib */,
				7E31DEC2153707280043B5BE /* Foundation.framework */,
				7E31DED0153707280043B5BE /* SenTestingKit.framework */,
			);
			name = Frameworks;
			sourceTree = "<group>";
		};
		7E31DEC4153707280043B5BE /* CsvToSqlite */ = {
			isa = PBXGroup;
			children = (
				7E195AB51537117B0050C635 /* CsvMacros.h */,
				7E195AD415372FEC0050C635 /* Errors */,
				7E9986F7153D502300811BA8 /* Detail */,
				7EA3A24B15383B050058C603 /* LineReaders */,
				7E2CB931153ED92900FEC16E /* Mocks */,
				7E31DEC5153707280043B5BE /* Supporting Files */,
				7E31DEC7153707280043B5BE /* CsvToSqlite.h */,
				7E31DEC8153707280043B5BE /* CsvToSqlite.mm */,
				7E31DEE915370BB00043B5BE /* CsvToSqlite-Framework.h */,
				7E195AC91537214F0050C635 /* SqliteTypes.h */,
				7E195ACA1537214F0050C635 /* SqliteTypes.m */,
				7EA3A23615380F750058C603 /* CsvColumnsParser.h */,
				7EA3A23715380F750058C603 /* CsvColumnsParser.mm */,
				7EA3A2401538265F0058C603 /* StreamUtils.h */,
				7EA3A2411538265F0058C603 /* StreamUtils.mm */,
				7EA3A25C15386BE50058C603 /* DBTableValidator.h */,
				7EA3A25D15386BE50058C603 /* DBTableValidator.m */,
				7E99870D153D546700811BA8 /* DbWrapper.h */,
				7E998741153D9AB300811BA8 /* CsvLineEndings.h */,
			);
			path = CsvToSqlite;
			sourceTree = "<group>";
		};
		7E31DEC5153707280043B5BE /* Supporting Files */ = {
			isa = PBXGroup;
			children = (
				7E31DEC6153707280043B5BE /* CsvToSqlite-Prefix.pch */,
			);
			name = "Supporting Files";
			sourceTree = "<group>";
		};
		7E31DED8153707280043B5BE /* CsvToSqliteTests */ = {
			isa = PBXGroup;
			children = (
				7E31DED9153707280043B5BE /* Supporting Files */,
				7E31DEDE153707280043B5BE /* CsvToSqliteTests.h */,
				7E31DEDF153707280043B5BE /* CsvToSqliteTests.m */,
				7EA3A23215380EE40058C603 /* CsvColumnsParserTest.h */,
				7EA3A23315380EE40058C603 /* CsvColumnsParserTest.mm */,
				7E998718153D67D800811BA8 /* DbImportTest.h */,
				7E998719153D67D800811BA8 /* DbImportTest.mm */,
				7E96C70715406A0700E90751 /* CsvFailedImportTest.h */,
				7E96C70815406A0700E90751 /* CsvFailedImportTest.mm */,
				7E0E067A15413F9B00650D6C /* CsvSchemaValidatorTest.h */,
				7E0E067B15413F9B00650D6C /* CsvSchemaValidatorTest.m */,
			);
			path = CsvToSqliteTests;
			sourceTree = "<group>";
		};
		7E31DED9153707280043B5BE /* Supporting Files */ = {
			isa = PBXGroup;
			children = (
				7E31DEDA153707280043B5BE /* CsvToSqliteTests-Info.plist */,
				7E31DEDB153707280043B5BE /* InfoPlist.strings */,
			);
			name = "Supporting Files";
			sourceTree = "<group>";
		};
		7E9986DF153D456C00811BA8 /* Products */ = {
			isa = PBXGroup;
			children = (
				7E9986E8153D456C00811BA8 /* libObjcScopedGuard.a */,
				7E9986EA153D456C00811BA8 /* ObjcScopedGuardTests.octest */,
				7E9986EC153D456C00811BA8 /* ObjcScopedGuardTests copy.octest */,
			);
			name = Products;
			sourceTree = "<group>";
		};
		7E9986F7153D502300811BA8 /* Detail */ = {
			isa = PBXGroup;
			children = (
				7E998709153D52B500811BA8 /* CsvToSqlite+Database.h */,
				7E99870A153D52B500811BA8 /* CsvToSqlite+Database.mm */,
				7E99870F153D573700811BA8 /* FMDatabase+Wrapper.h */,
				7E998710153D573700811BA8 /* FMDatabase+Wrapper.m */,
				7E99871C153D69D900811BA8 /* CsvToSqlite+Test.h */,
				7E99871D153D69D900811BA8 /* CsvToSqlite+Test.mm */,
			);
			path = Detail;
			sourceTree = "<group>";
		};
		7E9986F9153D51C500811BA8 /* Products */ = {
			isa = PBXGroup;
			children = (
				7E998702153D51C600811BA8 /* fmdb */,
				7E998704153D51C600811BA8 /* libFMDB.a */,
			);
			name = Products;
			sourceTree = "<group>";
		};
		7EA3A24B15383B050058C603 /* LineReaders */ = {
			isa = PBXGroup;
			children = (
				7EA3A24C15383B050058C603 /* LineReader.h */,
				7EA3A24E15383B610058C603 /* WindowsLineReader.h */,
				7EA3A24F15383B610058C603 /* WindowsLineReader.mm */,
				7EA3A25215383D440058C603 /* UnixLineReader.h */,
				7EA3A25315383D440058C603 /* UnixLineReader.mm */,
			);
			path = LineReaders;
			sourceTree = "<group>";
		};
		7ED6171A155BBDE000DE6328 /* Products */ = {
			isa = PBXGroup;
			children = (
				7ED61720155BBDE000DE6328 /* libESLocale.a */,
				7ED61722155BBDE000DE6328 /* ESLocaleTests.octest */,
				7ED61724155BBDE000DE6328 /* ESLocaleTests copy.octest */,
			);
			name = Products;
			sourceTree = "<group>";
		};
/* End PBXGroup section */

/* Begin PBXHeadersBuildPhase section */
		7E31DEBD153707280043B5BE /* Headers */ = {
			isa = PBXHeadersBuildPhase;
			buildActionMask = 2147483647;
			files = (
				7E31DEEA15370BB00043B5BE /* CsvToSqlite-Framework.h in Headers */,
				7E195ACB1537214F0050C635 /* SqliteTypes.h in Headers */,
				7E195AD71537301E0050C635 /* CsvImportError.h in Headers */,
				7E195ADB153730C90050C635 /* CsvBadTableNameError.h in Headers */,
				7EA3A23815380F750058C603 /* CsvColumnsParser.h in Headers */,
				7EA3A2421538265F0058C603 /* StreamUtils.h in Headers */,
				7EA3A24D15383B050058C603 /* LineReader.h in Headers */,
				7EA3A25015383B610058C603 /* WindowsLineReader.h in Headers */,
				7EA3A25415383D440058C603 /* UnixLineReader.h in Headers */,
				7EA3A25E15386BE50058C603 /* DBTableValidator.h in Headers */,
				7EA3A262153877150058C603 /* CsvSchemaMismatchError.h in Headers */,
				7EA3A2661538793F0058C603 /* CsvInitializationError.h in Headers */,
				7E99870B153D52B500811BA8 /* CsvToSqlite+Database.h in Headers */,
				7E99870E153D546700811BA8 /* DbWrapper.h in Headers */,
				7E998711153D573700811BA8 /* FMDatabase+Wrapper.h in Headers */,
				7E99871E153D69D900811BA8 /* CsvToSqlite+Test.h in Headers */,
				7E998742153D9AB300811BA8 /* CsvLineEndings.h in Headers */,
				7E2CB934153ED92900FEC16E /* MockDb.h in Headers */,
			);
			runOnlyForDeploymentPostprocessing = 0;
		};
/* End PBXHeadersBuildPhase section */

/* Begin PBXNativeTarget section */
		7E195AB7153713440050C635 /* CsvToSqliteTests-CI */ = {
			isa = PBXNativeTarget;
			buildConfigurationList = 7E195AC4153713440050C635 /* Build configuration list for PBXNativeTarget "CsvToSqliteTests-CI" */;
			buildPhases = (
				7E195ABA153713440050C635 /* Sources */,
				7E195ABC153713440050C635 /* Frameworks */,
				7E195AC1153713440050C635 /* Resources */,
				7E195AC3153713440050C635 /* ShellScript */,
			);
			buildRules = (
			);
			dependencies = (
				7ED61741155BBE5D00DE6328 /* PBXTargetDependency */,
				7E998727153D6D4600811BA8 /* PBXTargetDependency */,
				7E998725153D6D4400811BA8 /* PBXTargetDependency */,
				7E195AB8153713440050C635 /* PBXTargetDependency */,
			);
			name = "CsvToSqliteTests-CI";
			productName = CsvToSqliteTests;
			productReference = 7E195AC7153713440050C635 /* CsvToSqliteTests copy.octest */;
			productType = "com.apple.product-type.bundle";
		};
		7E31DEBE153707280043B5BE /* CsvToSqlite */ = {
			isa = PBXNativeTarget;
			buildConfigurationList = 7E31DEE3153707280043B5BE /* Build configuration list for PBXNativeTarget "CsvToSqlite" */;
			buildPhases = (
				7E31DEBB153707280043B5BE /* Sources */,
				7E31DEBC153707280043B5BE /* Frameworks */,
				7E31DEBD153707280043B5BE /* Headers */,
			);
			buildRules = (
			);
			dependencies = (
				7ED6173D155BBE5200DE6328 /* PBXTargetDependency */,
				7E998706153D521C00811BA8 /* PBXTargetDependency */,
				7E9986EF153D457D00811BA8 /* PBXTargetDependency */,
			);
			name = CsvToSqlite;
			productName = CsvToSqlite;
			productReference = 7E31DEBF153707280043B5BE /* libCsvToSqlite.a */;
			productType = "com.apple.product-type.library.static";
		};
		7E31DECE153707280043B5BE /* CsvToSqliteTests */ = {
			isa = PBXNativeTarget;
			buildConfigurationList = 7E31DEE6153707280043B5BE /* Build configuration list for PBXNativeTarget "CsvToSqliteTests" */;
			buildPhases = (
				7E31DECA153707280043B5BE /* Sources */,
				7E31DECB153707280043B5BE /* Frameworks */,
				7E31DECC153707280043B5BE /* Resources */,
				7E31DECD153707280043B5BE /* ShellScript */,
			);
			buildRules = (
			);
			dependencies = (
				7ED6173F155BBE5700DE6328 /* PBXTargetDependency */,
				7E998723153D6D3F00811BA8 /* PBXTargetDependency */,
				7E998721153D6D3800811BA8 /* PBXTargetDependency */,
				7E31DED6153707280043B5BE /* PBXTargetDependency */,
			);
			name = CsvToSqliteTests;
			productName = CsvToSqliteTests;
			productReference = 7E31DECF153707280043B5BE /* CsvToSqliteTests.octest */;
			productType = "com.apple.product-type.bundle";
		};
/* End PBXNativeTarget section */

/* Begin PBXProject section */
		7E31DEB6153707280043B5BE /* Project object */ = {
			isa = PBXProject;
			attributes = {
				LastUpgradeCheck = 0430;
			};
			buildConfigurationList = 7E31DEB9153707280043B5BE /* Build configuration list for PBXProject "CsvToSqlite" */;
			compatibilityVersion = "Xcode 3.2";
			developmentRegion = English;
			hasScannedForEncodings = 0;
			knownRegions = (
				en,
			);
			mainGroup = 7E31DEB4153707280043B5BE;
			productRefGroup = 7E31DEC0153707280043B5BE /* Products */;
			projectDirPath = "";
			projectReferences = (
				{
					ProductGroup = 7ED6171A155BBDE000DE6328 /* Products */;
					ProjectRef = 7ED61719155BBDE000DE6328 /* ESLocale.xcodeproj */;
				},
				{
					ProductGroup = 7E9986F9153D51C500811BA8 /* Products */;
					ProjectRef = 7E9986F8153D51C500811BA8 /* fmdb.xcodeproj */;
				},
				{
					ProductGroup = 7E9986DF153D456C00811BA8 /* Products */;
					ProjectRef = 7E9986DE153D456C00811BA8 /* ObjcScopedGuard.xcodeproj */;
				},
			);
			projectRoot = "";
			targets = (
				7E31DEBE153707280043B5BE /* CsvToSqlite */,
				7E31DECE153707280043B5BE /* CsvToSqliteTests */,
				7E195AB7153713440050C635 /* CsvToSqliteTests-CI */,
			);
		};
/* End PBXProject section */

/* Begin PBXReferenceProxy section */
		7E9986E8153D456C00811BA8 /* libObjcScopedGuard.a */ = {
			isa = PBXReferenceProxy;
			fileType = archive.ar;
			path = libObjcScopedGuard.a;
			remoteRef = 7E9986E7153D456C00811BA8 /* PBXContainerItemProxy */;
			sourceTree = BUILT_PRODUCTS_DIR;
		};
		7E9986EA153D456C00811BA8 /* ObjcScopedGuardTests.octest */ = {
			isa = PBXReferenceProxy;
			fileType = wrapper.cfbundle;
			path = ObjcScopedGuardTests.octest;
			remoteRef = 7E9986E9153D456C00811BA8 /* PBXContainerItemProxy */;
			sourceTree = BUILT_PRODUCTS_DIR;
		};
		7E9986EC153D456C00811BA8 /* ObjcScopedGuardTests copy.octest */ = {
			isa = PBXReferenceProxy;
			fileType = wrapper.cfbundle;
			path = "ObjcScopedGuardTests copy.octest";
			remoteRef = 7E9986EB153D456C00811BA8 /* PBXContainerItemProxy */;
			sourceTree = BUILT_PRODUCTS_DIR;
		};
		7E998702153D51C600811BA8 /* fmdb */ = {
			isa = PBXReferenceProxy;
			fileType = "compiled.mach-o.executable";
			path = fmdb;
			remoteRef = 7E998701153D51C600811BA8 /* PBXContainerItemProxy */;
			sourceTree = BUILT_PRODUCTS_DIR;
		};
		7E998704153D51C600811BA8 /* libFMDB.a */ = {
			isa = PBXReferenceProxy;
			fileType = archive.ar;
			path = libFMDB.a;
			remoteRef = 7E998703153D51C600811BA8 /* PBXContainerItemProxy */;
			sourceTree = BUILT_PRODUCTS_DIR;
		};
		7ED61720155BBDE000DE6328 /* libESLocale.a */ = {
			isa = PBXReferenceProxy;
			fileType = archive.ar;
			path = libESLocale.a;
			remoteRef = 7ED6171F155BBDE000DE6328 /* PBXContainerItemProxy */;
			sourceTree = BUILT_PRODUCTS_DIR;
		};
		7ED61722155BBDE000DE6328 /* ESLocaleTests.octest */ = {
			isa = PBXReferenceProxy;
			fileType = wrapper.cfbundle;
			path = ESLocaleTests.octest;
			remoteRef = 7ED61721155BBDE000DE6328 /* PBXContainerItemProxy */;
			sourceTree = BUILT_PRODUCTS_DIR;
		};
		7ED61724155BBDE000DE6328 /* ESLocaleTests copy.octest */ = {
			isa = PBXReferenceProxy;
			fileType = wrapper.cfbundle;
			path = "ESLocaleTests copy.octest";
			remoteRef = 7ED61723155BBDE000DE6328 /* PBXContainerItemProxy */;
			sourceTree = BUILT_PRODUCTS_DIR;
		};
/* End PBXReferenceProxy section */

/* Begin PBXResourcesBuildPhase section */
		7E195AC1153713440050C635 /* Resources */ = {
			isa = PBXResourcesBuildPhase;
			buildActionMask = 2147483647;
			files = (
				7E195AC2153713440050C635 /* InfoPlist.strings in Resources */,
				7EA3A22F15380E560058C603 /* Campaigns.csv in Resources */,
				7EA3A23115380E560058C603 /* campaigns.sqlite in Resources */,
				7EA3A258153841800058C603 /* UnixTest.csv in Resources */,
				7EA3A25B153841F30058C603 /* Unix-NoHeader.csv in Resources */,
				7E998730153D907400811BA8 /* Campaigns-small-win.csv in Resources */,
				7E998745153D9F0F00811BA8 /* 2.sqlite in Resources */,
				7EE54325153EACBC00565408 /* 4.sqlite in Resources */,
				7E5EC4A415580CA200E946C9 /* OnlyHeader.csv in Resources */,
				7E5EC4A71558118400E946C9 /* Damaged.csv in Resources */,
			);
			runOnlyForDeploymentPostprocessing = 0;
		};
		7E31DECC153707280043B5BE /* Resources */ = {
			isa = PBXResourcesBuildPhase;
			buildActionMask = 2147483647;
			files = (
				7E31DEDD153707280043B5BE /* InfoPlist.strings in Resources */,
				7EA3A22E15380E560058C603 /* Campaigns.csv in Resources */,
				7EA3A23015380E560058C603 /* campaigns.sqlite in Resources */,
				7EA3A257153841800058C603 /* UnixTest.csv in Resources */,
				7EA3A25A153841F30058C603 /* Unix-NoHeader.csv in Resources */,
				7E99872F153D907400811BA8 /* Campaigns-small-win.csv in Resources */,
				7E998744153D9F0F00811BA8 /* 2.sqlite in Resources */,
				7EE54324153EACBC00565408 /* 4.sqlite in Resources */,
				7E5EC4A315580CA200E946C9 /* OnlyHeader.csv in Resources */,
				7E5EC4A61558118400E946C9 /* Damaged.csv in Resources */,
			);
			runOnlyForDeploymentPostprocessing = 0;
		};
/* End PBXResourcesBuildPhase section */

/* Begin PBXShellScriptBuildPhase section */
		7E195AC3153713440050C635 /* ShellScript */ = {
			isa = PBXShellScriptBuildPhase;
			buildActionMask = 2147483647;
			files = (
			);
			inputPaths = (
			);
			outputPaths = (
			);
			runOnlyForDeploymentPostprocessing = 0;
			shellPath = /bin/sh;
			shellScript = "# Run the unit tests in this test bundle.\n\"${SYSTEM_DEVELOPER_DIR}/Tools/RunUnitTests\"\n";
		};
		7E31DECD153707280043B5BE /* ShellScript */ = {
			isa = PBXShellScriptBuildPhase;
			buildActionMask = 2147483647;
			files = (
			);
			inputPaths = (
			);
			outputPaths = (
			);
			runOnlyForDeploymentPostprocessing = 0;
			shellPath = /bin/sh;
			shellScript = "# Run the unit tests in this test bundle.\n\"${SYSTEM_DEVELOPER_DIR}/Tools/RunUnitTests\"\n";
		};
/* End PBXShellScriptBuildPhase section */

/* Begin PBXSourcesBuildPhase section */
		7E195ABA153713440050C635 /* Sources */ = {
			isa = PBXSourcesBuildPhase;
			buildActionMask = 2147483647;
			files = (
				7E195ABB153713440050C635 /* CsvToSqliteTests.m in Sources */,
				7EA3A23515380EE40058C603 /* CsvColumnsParserTest.mm in Sources */,
				7E99871B153D67D800811BA8 /* DbImportTest.mm in Sources */,
				7E96C70A15406A0700E90751 /* CsvFailedImportTest.mm in Sources */,
				7E0E067D15413F9B00650D6C /* CsvSchemaValidatorTest.m in Sources */,
			);
			runOnlyForDeploymentPostprocessing = 0;
		};
		7E31DEBB153707280043B5BE /* Sources */ = {
			isa = PBXSourcesBuildPhase;
			buildActionMask = 2147483647;
			files = (
				7E31DEC9153707280043B5BE /* CsvToSqlite.mm in Sources */,
				7E195ACC1537214F0050C635 /* SqliteTypes.m in Sources */,
				7E195AD81537301E0050C635 /* CsvImportError.m in Sources */,
				7E195ADC153730C90050C635 /* CsvBadTableNameError.m in Sources */,
				7EA3A23915380F750058C603 /* CsvColumnsParser.mm in Sources */,
				7EA3A2431538265F0058C603 /* StreamUtils.mm in Sources */,
				7EA3A25115383B610058C603 /* WindowsLineReader.mm in Sources */,
				7EA3A25515383D440058C603 /* UnixLineReader.mm in Sources */,
				7EA3A25F15386BE50058C603 /* DBTableValidator.m in Sources */,
				7EA3A263153877150058C603 /* CsvSchemaMismatchError.m in Sources */,
				7EA3A2671538793F0058C603 /* CsvInitializationError.m in Sources */,
				7E99870C153D52B500811BA8 /* CsvToSqlite+Database.mm in Sources */,
				7E998712153D573700811BA8 /* FMDatabase+Wrapper.m in Sources */,
				7E99871F153D69D900811BA8 /* CsvToSqlite+Test.mm in Sources */,
				7E2CB935153ED92900FEC16E /* MockDb.m in Sources */,
			);
			runOnlyForDeploymentPostprocessing = 0;
		};
		7E31DECA153707280043B5BE /* Sources */ = {
			isa = PBXSourcesBuildPhase;
			buildActionMask = 2147483647;
			files = (
				7E31DEE0153707280043B5BE /* CsvToSqliteTests.m in Sources */,
				7EA3A23415380EE40058C603 /* CsvColumnsParserTest.mm in Sources */,
				7E99871A153D67D800811BA8 /* DbImportTest.mm in Sources */,
				7E96C70915406A0700E90751 /* CsvFailedImportTest.mm in Sources */,
				7E0E067C15413F9B00650D6C /* CsvSchemaValidatorTest.m in Sources */,
			);
			runOnlyForDeploymentPostprocessing = 0;
		};
/* End PBXSourcesBuildPhase section */

/* Begin PBXTargetDependency section */
		7E195AB8153713440050C635 /* PBXTargetDependency */ = {
			isa = PBXTargetDependency;
			target = 7E31DEBE153707280043B5BE /* CsvToSqlite */;
			targetProxy = 7E195AB9153713440050C635 /* PBXContainerItemProxy */;
		};
		7E31DED6153707280043B5BE /* PBXTargetDependency */ = {
			isa = PBXTargetDependency;
			target = 7E31DEBE153707280043B5BE /* CsvToSqlite */;
			targetProxy = 7E31DED5153707280043B5BE /* PBXContainerItemProxy */;
		};
		7E9986EF153D457D00811BA8 /* PBXTargetDependency */ = {
			isa = PBXTargetDependency;
			name = ObjcScopedGuard;
			targetProxy = 7E9986EE153D457D00811BA8 /* PBXContainerItemProxy */;
		};
		7E998706153D521C00811BA8 /* PBXTargetDependency */ = {
			isa = PBXTargetDependency;
			name = FMDB;
			targetProxy = 7E998705153D521C00811BA8 /* PBXContainerItemProxy */;
		};
		7E998721153D6D3800811BA8 /* PBXTargetDependency */ = {
			isa = PBXTargetDependency;
			name = FMDB;
			targetProxy = 7E998720153D6D3800811BA8 /* PBXContainerItemProxy */;
		};
		7E998723153D6D3F00811BA8 /* PBXTargetDependency */ = {
			isa = PBXTargetDependency;
			name = ObjcScopedGuard;
			targetProxy = 7E998722153D6D3F00811BA8 /* PBXContainerItemProxy */;
		};
		7E998725153D6D4400811BA8 /* PBXTargetDependency */ = {
			isa = PBXTargetDependency;
			name = FMDB;
			targetProxy = 7E998724153D6D4400811BA8 /* PBXContainerItemProxy */;
		};
		7E998727153D6D4600811BA8 /* PBXTargetDependency */ = {
			isa = PBXTargetDependency;
			name = ObjcScopedGuard;
			targetProxy = 7E998726153D6D4600811BA8 /* PBXContainerItemProxy */;
		};
		7ED6173D155BBE5200DE6328 /* PBXTargetDependency */ = {
			isa = PBXTargetDependency;
			name = ESLocale;
			targetProxy = 7ED6173C155BBE5200DE6328 /* PBXContainerItemProxy */;
		};
		7ED6173F155BBE5700DE6328 /* PBXTargetDependency */ = {
			isa = PBXTargetDependency;
			name = ESLocale;
			targetProxy = 7ED6173E155BBE5700DE6328 /* PBXContainerItemProxy */;
		};
		7ED61741155BBE5D00DE6328 /* PBXTargetDependency */ = {
			isa = PBXTargetDependency;
			name = ESLocale;
			targetProxy = 7ED61740155BBE5D00DE6328 /* PBXContainerItemProxy */;
		};
/* End PBXTargetDependency section */

/* Begin PBXVariantGroup section */
		7E31DEDB153707280043B5BE /* InfoPlist.strings */ = {
			isa = PBXVariantGroup;
			children = (
				7E31DEDC153707280043B5BE /* en */,
			);
			name = InfoPlist.strings;
			sourceTree = "<group>";
		};
/* End PBXVariantGroup section */

/* Begin XCBuildConfiguration section */
		7E195AC5153713440050C635 /* Debug */ = {
			isa = XCBuildConfiguration;
			buildSettings = {
				FRAMEWORK_SEARCH_PATHS = (
					"$(SDKROOT)/Developer/Library/Frameworks",
					"$(DEVELOPER_LIBRARY_DIR)/Frameworks",
				);
				GCC_PRECOMPILE_PREFIX_HEADER = YES;
				GCC_PREFIX_HEADER = "CsvToSqlite/CsvToSqlite-Prefix.pch";
				HEADER_SEARCH_PATHS = .;
				INFOPLIST_FILE = "CsvToSqliteTests copy-Info.plist";
				PRODUCT_NAME = "CsvToSqliteTests copy";
				TEST_AFTER_BUILD = YES;
				WRAPPER_EXTENSION = octest;
			};
			name = Debug;
		};
		7E195AC6153713440050C635 /* Release */ = {
			isa = XCBuildConfiguration;
			buildSettings = {
				FRAMEWORK_SEARCH_PATHS = (
					"$(SDKROOT)/Developer/Library/Frameworks",
					"$(DEVELOPER_LIBRARY_DIR)/Frameworks",
				);
				GCC_PRECOMPILE_PREFIX_HEADER = YES;
				GCC_PREFIX_HEADER = "CsvToSqlite/CsvToSqlite-Prefix.pch";
				HEADER_SEARCH_PATHS = .;
				INFOPLIST_FILE = "CsvToSqliteTests copy-Info.plist";
				PRODUCT_NAME = "CsvToSqliteTests copy";
				TEST_AFTER_BUILD = YES;
				WRAPPER_EXTENSION = octest;
			};
			name = Release;
		};
		7E195AE3153734570050C635 /* Coverage */ = {
			isa = XCBuildConfiguration;
			buildSettings = {
				ALWAYS_SEARCH_USER_PATHS = NO;
				ARCHS = "$(ARCHS_STANDARD_32_BIT)";
				CLANG_CXX_LANGUAGE_STANDARD = "gnu++0x";
				CLANG_CXX_LIBRARY = "libc++";
				CLANG_ENABLE_OBJC_ARC = YES;
				CLANG_WARN_CXX0X_EXTENSIONS = YES;
				CLANG_WARN_IMPLICIT_SIGN_CONVERSION = YES;
				CLANG_WARN_OBJCPP_ARC_ABI = YES;
				CLANG_WARN_OBJC_IMPLICIT_ATOMIC_PROPERTIES = YES;
				COPY_PHASE_STRIP = NO;
				GCC_C_LANGUAGE_STANDARD = gnu99;
				GCC_DYNAMIC_NO_PIC = NO;
				GCC_GENERATE_TEST_COVERAGE_FILES = YES;
				GCC_INSTRUMENT_PROGRAM_FLOW_ARCS = YES;
				GCC_OPTIMIZATION_LEVEL = 0;
				GCC_PREPROCESSOR_DEFINITIONS = (
					"DEBUG=1",
					"$(inherited)",
				);
				GCC_SYMBOLS_PRIVATE_EXTERN = NO;
				GCC_VERSION = com.apple.compilers.llvm.clang.1_0;
				GCC_WARN_64_TO_32_BIT_CONVERSION = YES;
				GCC_WARN_ABOUT_MISSING_NEWLINE = YES;
				GCC_WARN_ABOUT_RETURN_TYPE = YES;
				GCC_WARN_UNINITIALIZED_AUTOS = YES;
				GCC_WARN_UNUSED_VARIABLE = YES;
				HEADER_SEARCH_PATHS = (
					../ObjcScopedGuard/ObjcScopedGuard,
					../fmdb/src,
					../ESLocale,
					..,
					.,
				);
				IPHONEOS_DEPLOYMENT_TARGET = 5.0;
				OTHER_LDFLAGS = (
					"-all_load",
					"-ObjC",
					"-L.",
					"-lCoverageFopenFix",
				);
				SDKROOT = iphoneos;
			};
			name = Coverage;
		};
		7E195AE4153734570050C635 /* Coverage */ = {
			isa = XCBuildConfiguration;
			buildSettings = {
				DSTROOT = /tmp/CsvToSqlite.dst;
				GCC_PRECOMPILE_PREFIX_HEADER = YES;
				GCC_PREFIX_HEADER = "CsvToSqlite/CsvToSqlite-Prefix.pch";
				HEADER_SEARCH_PATHS = (
					.,
					"$(inherited)",
				);
				LIBRARY_SEARCH_PATHS = (
					"$(inherited)",
					"\"$(SRCROOT)\"",
				);
				OTHER_LDFLAGS = "-ObjC";
				PRODUCT_NAME = "$(TARGET_NAME)";
				SKIP_INSTALL = YES;
			};
			name = Coverage;
		};
		7E195AE5153734570050C635 /* Coverage */ = {
			isa = XCBuildConfiguration;
			buildSettings = {
				FRAMEWORK_SEARCH_PATHS = (
					"$(SDKROOT)/Developer/Library/Frameworks",
					"$(DEVELOPER_LIBRARY_DIR)/Frameworks",
				);
				GCC_PRECOMPILE_PREFIX_HEADER = YES;
				GCC_PREFIX_HEADER = "CsvToSqlite/CsvToSqlite-Prefix.pch";
				INFOPLIST_FILE = "CsvToSqliteTests/CsvToSqliteTests-Info.plist";
				PRODUCT_NAME = "$(TARGET_NAME)";
				TEST_AFTER_BUILD = NO;
				WRAPPER_EXTENSION = octest;
			};
			name = Coverage;
		};
		7E195AE6153734570050C635 /* Coverage */ = {
			isa = XCBuildConfiguration;
			buildSettings = {
				FRAMEWORK_SEARCH_PATHS = (
					"$(SDKROOT)/Developer/Library/Frameworks",
					"$(DEVELOPER_LIBRARY_DIR)/Frameworks",
				);
				GCC_PRECOMPILE_PREFIX_HEADER = YES;
				GCC_PREFIX_HEADER = "CsvToSqlite/CsvToSqlite-Prefix.pch";
				HEADER_SEARCH_PATHS = .;
				INFOPLIST_FILE = "CsvToSqliteTests copy-Info.plist";
				PRODUCT_NAME = "CsvToSqliteTests copy";
				TEST_AFTER_BUILD = YES;
				WRAPPER_EXTENSION = octest;
			};
			name = Coverage;
		};
		7E31DEE1153707280043B5BE /* Debug */ = {
			isa = XCBuildConfiguration;
			buildSettings = {
				ALWAYS_SEARCH_USER_PATHS = NO;
				ARCHS = "$(ARCHS_STANDARD_32_BIT)";
				CLANG_CXX_LANGUAGE_STANDARD = "gnu++0x";
				CLANG_CXX_LIBRARY = "libc++";
				CLANG_ENABLE_OBJC_ARC = YES;
				CLANG_WARN_CXX0X_EXTENSIONS = YES;
				CLANG_WARN_IMPLICIT_SIGN_CONVERSION = YES;
				CLANG_WARN_OBJCPP_ARC_ABI = YES;
				CLANG_WARN_OBJC_IMPLICIT_ATOMIC_PROPERTIES = YES;
				COPY_PHASE_STRIP = NO;
				GCC_C_LANGUAGE_STANDARD = gnu99;
				GCC_DYNAMIC_NO_PIC = NO;
				GCC_OPTIMIZATION_LEVEL = 0;
				GCC_PREPROCESSOR_DEFINITIONS = (
					"DEBUG=1",
					"$(inherited)",
				);
				GCC_SYMBOLS_PRIVATE_EXTERN = NO;
				GCC_VERSION = com.apple.compilers.llvm.clang.1_0;
				GCC_WARN_64_TO_32_BIT_CONVERSION = YES;
				GCC_WARN_ABOUT_MISSING_NEWLINE = YES;
				GCC_WARN_ABOUT_RETURN_TYPE = YES;
				GCC_WARN_UNINITIALIZED_AUTOS = YES;
				GCC_WARN_UNUSED_VARIABLE = YES;
				HEADER_SEARCH_PATHS = (
					../ObjcScopedGuard/ObjcScopedGuard,
					../fmdb/src,
					../ESLocale,
					..,
					.,
				);
				IPHONEOS_DEPLOYMENT_TARGET = 5.0;
				OTHER_LDFLAGS = (
					"-all_load",
					"-ObjC",
				);
				SDKROOT = iphoneos;
			};
			name = Debug;
		};
		7E31DEE2153707280043B5BE /* Release */ = {
			isa = XCBuildConfiguration;
			buildSettings = {
				ALWAYS_SEARCH_USER_PATHS = NO;
				ARCHS = "$(ARCHS_STANDARD_32_BIT)";
				CLANG_CXX_LANGUAGE_STANDARD = "gnu++0x";
				CLANG_CXX_LIBRARY = "libc++";
				CLANG_ENABLE_OBJC_ARC = YES;
				CLANG_WARN_CXX0X_EXTENSIONS = YES;
				CLANG_WARN_IMPLICIT_SIGN_CONVERSION = YES;
				CLANG_WARN_OBJCPP_ARC_ABI = YES;
				CLANG_WARN_OBJC_IMPLICIT_ATOMIC_PROPERTIES = YES;
				COPY_PHASE_STRIP = YES;
				GCC_C_LANGUAGE_STANDARD = gnu99;
				GCC_VERSION = com.apple.compilers.llvm.clang.1_0;
				GCC_WARN_64_TO_32_BIT_CONVERSION = YES;
				GCC_WARN_ABOUT_MISSING_NEWLINE = YES;
				GCC_WARN_ABOUT_RETURN_TYPE = YES;
				GCC_WARN_UNINITIALIZED_AUTOS = YES;
				GCC_WARN_UNUSED_VARIABLE = YES;
				HEADER_SEARCH_PATHS = (
					../ObjcScopedGuard/ObjcScopedGuard,
					../fmdb/src,
					../ESLocale,
					..,
					.,
				);
				IPHONEOS_DEPLOYMENT_TARGET = 5.0;
				OTHER_LDFLAGS = (
					"-all_load",
					"-ObjC",
				);
				SDKROOT = iphoneos;
				VALIDATE_PRODUCT = YES;
			};
			name = Release;
		};
		7E31DEE4153707280043B5BE /* Debug */ = {
			isa = XCBuildConfiguration;
			buildSettings = {
				DSTROOT = /tmp/CsvToSqlite.dst;
				GCC_PRECOMPILE_PREFIX_HEADER = YES;
				GCC_PREFIX_HEADER = "CsvToSqlite/CsvToSqlite-Prefix.pch";
				HEADER_SEARCH_PATHS = (
					.,
					"$(inherited)",
				);
				LIBRARY_SEARCH_PATHS = (
					"$(inherited)",
					"\"$(SRCROOT)\"",
				);
				OTHER_LDFLAGS = "-ObjC";
				PRODUCT_NAME = "$(TARGET_NAME)";
				SKIP_INSTALL = YES;
			};
			name = Debug;
		};
		7E31DEE5153707280043B5BE /* Release */ = {
			isa = XCBuildConfiguration;
			buildSettings = {
				DSTROOT = /tmp/CsvToSqlite.dst;
				GCC_PRECOMPILE_PREFIX_HEADER = YES;
				GCC_PREFIX_HEADER = "CsvToSqlite/CsvToSqlite-Prefix.pch";
				HEADER_SEARCH_PATHS = (
					.,
					"$(inherited)",
				);
				LIBRARY_SEARCH_PATHS = (
					"$(inherited)",
					"\"$(SRCROOT)\"",
				);
				OTHER_LDFLAGS = "-ObjC";
				PRODUCT_NAME = "$(TARGET_NAME)";
				SKIP_INSTALL = YES;
			};
			name = Release;
		};
		7E31DEE7153707280043B5BE /* Debug */ = {
			isa = XCBuildConfiguration;
			buildSettings = {
				FRAMEWORK_SEARCH_PATHS = (
					"$(SDKROOT)/Developer/Library/Frameworks",
					"$(DEVELOPER_LIBRARY_DIR)/Frameworks",
				);
				GCC_PRECOMPILE_PREFIX_HEADER = YES;
				GCC_PREFIX_HEADER = "CsvToSqlite/CsvToSqlite-Prefix.pch";
				INFOPLIST_FILE = "CsvToSqliteTests/CsvToSqliteTests-Info.plist";
				PRODUCT_NAME = "$(TARGET_NAME)";
				TEST_AFTER_BUILD = NO;
				WRAPPER_EXTENSION = octest;
			};
			name = Debug;
		};
		7E31DEE8153707280043B5BE /* Release */ = {
			isa = XCBuildConfiguration;
			buildSettings = {
				FRAMEWORK_SEARCH_PATHS = (
					"$(SDKROOT)/Developer/Library/Frameworks",
					"$(DEVELOPER_LIBRARY_DIR)/Frameworks",
				);
				GCC_PRECOMPILE_PREFIX_HEADER = YES;
				GCC_PREFIX_HEADER = "CsvToSqlite/CsvToSqlite-Prefix.pch";
				INFOPLIST_FILE = "CsvToSqliteTests/CsvToSqliteTests-Info.plist";
				PRODUCT_NAME = "$(TARGET_NAME)";
				TEST_AFTER_BUILD = NO;
				WRAPPER_EXTENSION = octest;
			};
			name = Release;
		};
/* End XCBuildConfiguration section */

/* Begin XCConfigurationList section */
		7E195AC4153713440050C635 /* Build configuration list for PBXNativeTarget "CsvToSqliteTests-CI" */ = {
			isa = XCConfigurationList;
			buildConfigurations = (
				7E195AC5153713440050C635 /* Debug */,
				7E195AE6153734570050C635 /* Coverage */,
				7E195AC6153713440050C635 /* Release */,
			);
			defaultConfigurationIsVisible = 0;
			defaultConfigurationName = Release;
		};
		7E31DEB9153707280043B5BE /* Build configuration list for PBXProject "CsvToSqlite" */ = {
			isa = XCConfigurationList;
			buildConfigurations = (
				7E31DEE1153707280043B5BE /* Debug */,
				7E195AE3153734570050C635 /* Coverage */,
				7E31DEE2153707280043B5BE /* Release */,
			);
			defaultConfigurationIsVisible = 0;
			defaultConfigurationName = Release;
		};
		7E31DEE3153707280043B5BE /* Build configuration list for PBXNativeTarget "CsvToSqlite" */ = {
			isa = XCConfigurationList;
			buildConfigurations = (
				7E31DEE4153707280043B5BE /* Debug */,
				7E195AE4153734570050C635 /* Coverage */,
				7E31DEE5153707280043B5BE /* Release */,
			);
			defaultConfigurationIsVisible = 0;
			defaultConfigurationName = Release;
		};
		7E31DEE6153707280043B5BE /* Build configuration list for PBXNativeTarget "CsvToSqliteTests" */ = {
			isa = XCConfigurationList;
			buildConfigurations = (
				7E31DEE7153707280043B5BE /* Debug */,
				7E195AE5153734570050C635 /* Coverage */,
				7E31DEE8153707280043B5BE /* Release */,
			);
			defaultConfigurationIsVisible = 0;
			defaultConfigurationName = Release;
		};
/* End XCConfigurationList section */
	};
	rootObject = 7E31DEB6153707280043B5BE /* Project object */;
}
